// !$*UTF8*$!
{
	archiveVersion = 1;
	classes = {
	};
	objectVersion = 46;
	objects = {

/* Begin PBXBuildFile section */
		C884A9AC164783CC00826097 /* XMLParser.m in Sources */ = {isa = PBXBuildFile; fileRef = C884A9AB164783CC00826097 /* XMLParser.m */; };
		C884A9B01647857A00826097 /* XMLAppDelegate.m in Sources */ = {isa = PBXBuildFile; fileRef = C884A9AF1647857A00826097 /* XMLAppDelegate.m */; };
		C8A14DF51614FA680039985C /* Default.png in Resources */ = {isa = PBXBuildFile; fileRef = C8A14DF41614FA680039985C /* Default.png */; };
		C8B2A4E9160A2D3A00CE9307 /* UIKit.framework in Frameworks */ = {isa = PBXBuildFile; fileRef = C8B2A4E8160A2D3A00CE9307 /* UIKit.framework */; };
		C8B2A4EB160A2D3A00CE9307 /* Foundation.framework in Frameworks */ = {isa = PBXBuildFile; fileRef = C8B2A4EA160A2D3A00CE9307 /* Foundation.framework */; };
		C8B2A4ED160A2D3A00CE9307 /* CoreGraphics.framework in Frameworks */ = {isa = PBXBuildFile; fileRef = C8B2A4EC160A2D3A00CE9307 /* CoreGraphics.framework */; };
		C8B2A4EF160A2D3A00CE9307 /* CoreData.framework in Frameworks */ = {isa = PBXBuildFile; fileRef = C8B2A4EE160A2D3A00CE9307 /* CoreData.framework */; };
		C8B2A4F5160A2D3A00CE9307 /* InfoPlist.strings in Resources */ = {isa = PBXBuildFile; fileRef = C8B2A4F3160A2D3A00CE9307 /* InfoPlist.strings */; };
		C8B2A4F7160A2D3A00CE9307 /* main.m in Sources */ = {isa = PBXBuildFile; fileRef = C8B2A4F6160A2D3A00CE9307 /* main.m */; };
		C8B2A4FB160A2D3A00CE9307 /* AppDelegate.m in Sources */ = {isa = PBXBuildFile; fileRef = C8B2A4FA160A2D3A00CE9307 /* AppDelegate.m */; };
		C8B2A4FE160A2D3A00CE9307 /* UMKCFeildGuide.xcdatamodeld in Sources */ = {isa = PBXBuildFile; fileRef = C8B2A4FC160A2D3A00CE9307 /* UMKCFeildGuide.xcdatamodeld */; };
		C8B2A505160A2F1F00CE9307 /* UMKCSplashPage-01.png in Resources */ = {isa = PBXBuildFile; fileRef = C8B2A504160A2F1F00CE9307 /* UMKCSplashPage-01.png */; };
		C8B2A50C160A312400CE9307 /* Logo-01.png in Resources */ = {isa = PBXBuildFile; fileRef = C8B2A50A160A312400CE9307 /* Logo-01.png */; };
		C8B2A50D160A312400CE9307 /* Logo2x-01.png in Resources */ = {isa = PBXBuildFile; fileRef = C8B2A50B160A312400CE9307 /* Logo2x-01.png */; };
		C8B2A50F160A312E00CE9307 /* Logo-01.png in Resources */ = {isa = PBXBuildFile; fileRef = C8B2A50E160A312E00CE9307 /* Logo-01.png */; };
		C8B2A511160A313400CE9307 /* Logo2x-01.png in Resources */ = {isa = PBXBuildFile; fileRef = C8B2A510160A313400CE9307 /* Logo2x-01.png */; };
		C8B2A516160A32A300CE9307 /* DetailViewController.m in Sources */ = {isa = PBXBuildFile; fileRef = C8B2A514160A32A300CE9307 /* DetailViewController.m */; };
		C8B2A517160A32A300CE9307 /* DetailViewController.xib in Resources */ = {isa = PBXBuildFile; fileRef = C8B2A515160A32A300CE9307 /* DetailViewController.xib */; };
		C8B2A519160A332C00CE9307 /* CoreLocation.framework in Frameworks */ = {isa = PBXBuildFile; fileRef = C8B2A518160A332C00CE9307 /* CoreLocation.framework */; };
		C8B2A51B160A333700CE9307 /* MapKit.framework in Frameworks */ = {isa = PBXBuildFile; fileRef = C8B2A51A160A333700CE9307 /* MapKit.framework */; };
		C8B2A51F160A372300CE9307 /* MenuViewController.m in Sources */ = {isa = PBXBuildFile; fileRef = C8B2A51D160A372300CE9307 /* MenuViewController.m */; };
		C8B2A520160A372300CE9307 /* MenuViewController.xib in Resources */ = {isa = PBXBuildFile; fileRef = C8B2A51E160A372300CE9307 /* MenuViewController.xib */; };
		C8B2A524160A413F00CE9307 /* ItemViewController.m in Sources */ = {isa = PBXBuildFile; fileRef = C8B2A522160A413E00CE9307 /* ItemViewController.m */; };
		C8B2A525160A413F00CE9307 /* ItemViewController.xib in Resources */ = {isa = PBXBuildFile; fileRef = C8B2A523160A413E00CE9307 /* ItemViewController.xib */; };
		C8B2A528160AD46200CE9307 /* DSItem.m in Sources */ = {isa = PBXBuildFile; fileRef = C8B2A527160AD46200CE9307 /* DSItem.m */; };
		C8B2A52B160AE22B00CE9307 /* DSItemStore.m in Sources */ = {isa = PBXBuildFile; fileRef = C8B2A52A160AE22B00CE9307 /* DSItemStore.m */; };
		C8B2A52D160AFD2300CE9307 /* MenuBackground-04.png in Resources */ = {isa = PBXBuildFile; fileRef = C8B2A52C160AFD2300CE9307 /* MenuBackground-04.png */; };
		C8B2A52F160B006400CE9307 /* MenuBackground-02.png in Resources */ = {isa = PBXBuildFile; fileRef = C8B2A52E160B006400CE9307 /* MenuBackground-02.png */; };
		C8B2A532160B69CC00CE9307 /* DSMapPoint.m in Sources */ = {isa = PBXBuildFile; fileRef = C8B2A531160B69CB00CE9307 /* DSMapPoint.m */; };
		C8B2A536160B779700CE9307 /* SettingsViewController.m in Sources */ = {isa = PBXBuildFile; fileRef = C8B2A534160B779500CE9307 /* SettingsViewController.m */; };
		C8B2A537160B779700CE9307 /* SettingsViewController.xib in Resources */ = {isa = PBXBuildFile; fileRef = C8B2A535160B779600CE9307 /* SettingsViewController.xib */; };
		C8B2A539160B9F6600CE9307 /* MenuOption2-02.png in Resources */ = {isa = PBXBuildFile; fileRef = C8B2A538160B9F6500CE9307 /* MenuOption2-02.png */; };
		C8B2A53B160B9FCC00CE9307 /* MenuOption3-02.png in Resources */ = {isa = PBXBuildFile; fileRef = C8B2A53A160B9FCC00CE9307 /* MenuOption3-02.png */; };
		C8B2A53D160D203A00CE9307 /* UMKC-02.png in Resources */ = {isa = PBXBuildFile; fileRef = C8B2A53C160D203A00CE9307 /* UMKC-02.png */; };
		C8CE9F96161DF1DB0093893B /* bldg-icon.png in Resources */ = {isa = PBXBuildFile; fileRef = C8CE9F95161DF1DB0093893B /* bldg-icon.png */; };
		C8CE9F99161DF3AF0093893B /* bldg-icon2.png in Resources */ = {isa = PBXBuildFile; fileRef = C8CE9F98161DF3AF0093893B /* bldg-icon2.png */; };
		C8CE9F9B161DF7860093893B /* parking-icon.png in Resources */ = {isa = PBXBuildFile; fileRef = C8CE9F9A161DF7860093893B /* parking-icon.png */; };
		C8F4AFF51646393A0030B32A /* data.xml in Resources */ = {isa = PBXBuildFile; fileRef = C8F4AFF41646393A0030B32A /* data.xml */; };
/* End PBXBuildFile section */

/* Begin PBXFileReference section */
		C884A9AA164783CC00826097 /* XMLParser.h */ = {isa = PBXFileReference; fileEncoding = 4; lastKnownFileType = sourcecode.c.h; path = XMLParser.h; sourceTree = "<group>"; };
		C884A9AB164783CC00826097 /* XMLParser.m */ = {isa = PBXFileReference; fileEncoding = 4; lastKnownFileType = sourcecode.c.objc; path = XMLParser.m; sourceTree = "<group>"; };
		C884A9AE1647857A00826097 /* XMLAppDelegate.h */ = {isa = PBXFileReference; fileEncoding = 4; lastKnownFileType = sourcecode.c.h; path = XMLAppDelegate.h; sourceTree = "<group>"; };
		C884A9AF1647857A00826097 /* XMLAppDelegate.m */ = {isa = PBXFileReference; fileEncoding = 4; lastKnownFileType = sourcecode.c.objc; path = XMLAppDelegate.m; sourceTree = "<group>"; };
		C8A14DF41614FA680039985C /* Default.png */ = {isa = PBXFileReference; lastKnownFileType = image.png; path = Default.png; sourceTree = "<group>"; };
		C8A14DF61614FA790039985C /* Default@2x.png */ = {isa = PBXFileReference; lastKnownFileType = image.png; path = "Default@2x.png"; sourceTree = "<group>"; };
		C8B2A4E4160A2D3A00CE9307 /* UMKCFeildGuide.app */ = {isa = PBXFileReference; explicitFileType = wrapper.application; includeInIndex = 0; path = UMKCFeildGuide.app; sourceTree = BUILT_PRODUCTS_DIR; };
		C8B2A4E8160A2D3A00CE9307 /* UIKit.framework */ = {isa = PBXFileReference; lastKnownFileType = wrapper.framework; name = UIKit.framework; path = System/Library/Frameworks/UIKit.framework; sourceTree = SDKROOT; };
		C8B2A4EA160A2D3A00CE9307 /* Foundation.framework */ = {isa = PBXFileReference; lastKnownFileType = wrapper.framework; name = Foundation.framework; path = System/Library/Frameworks/Foundation.framework; sourceTree = SDKROOT; };
		C8B2A4EC160A2D3A00CE9307 /* CoreGraphics.framework */ = {isa = PBXFileReference; lastKnownFileType = wrapper.framework; name = CoreGraphics.framework; path = System/Library/Frameworks/CoreGraphics.framework; sourceTree = SDKROOT; };
		C8B2A4EE160A2D3A00CE9307 /* CoreData.framework */ = {isa = PBXFileReference; lastKnownFileType = wrapper.framework; name = CoreData.framework; path = System/Library/Frameworks/CoreData.framework; sourceTree = SDKROOT; };
		C8B2A4F2160A2D3A00CE9307 /* UMKCFeildGuide-Info.plist */ = {isa = PBXFileReference; lastKnownFileType = text.plist.xml; path = "UMKCFeildGuide-Info.plist"; sourceTree = "<group>"; };
		C8B2A4F4160A2D3A00CE9307 /* en */ = {isa = PBXFileReference; lastKnownFileType = text.plist.strings; name = en; path = en.lproj/InfoPlist.strings; sourceTree = "<group>"; };
		C8B2A4F6160A2D3A00CE9307 /* main.m */ = {isa = PBXFileReference; lastKnownFileType = sourcecode.c.objc; path = main.m; sourceTree = "<group>"; };
		C8B2A4F8160A2D3A00CE9307 /* UMKCFeildGuide-Prefix.pch */ = {isa = PBXFileReference; lastKnownFileType = sourcecode.c.h; path = "UMKCFeildGuide-Prefix.pch"; sourceTree = "<group>"; };
		C8B2A4F9160A2D3A00CE9307 /* AppDelegate.h */ = {isa = PBXFileReference; lastKnownFileType = sourcecode.c.h; path = AppDelegate.h; sourceTree = "<group>"; };
		C8B2A4FA160A2D3A00CE9307 /* AppDelegate.m */ = {isa = PBXFileReference; lastKnownFileType = sourcecode.c.objc; path = AppDelegate.m; sourceTree = "<group>"; };
		C8B2A4FD160A2D3A00CE9307 /* UMKCFeildGuide.xcdatamodel */ = {isa = PBXFileReference; lastKnownFileType = wrapper.xcdatamodel; path = UMKCFeildGuide.xcdatamodel; sourceTree = "<group>"; };
		C8B2A504160A2F1F00CE9307 /* UMKCSplashPage-01.png */ = {isa = PBXFileReference; lastKnownFileType = image.png; path = "UMKCSplashPage-01.png"; sourceTree = "<group>"; };
		C8B2A50A160A312400CE9307 /* Logo-01.png */ = {isa = PBXFileReference; lastKnownFileType = image.png; path = "Logo-01.png"; sourceTree = "<group>"; };
		C8B2A50B160A312400CE9307 /* Logo2x-01.png */ = {isa = PBXFileReference; lastKnownFileType = image.png; path = "Logo2x-01.png"; sourceTree = "<group>"; };
		C8B2A50E160A312E00CE9307 /* Logo-01.png */ = {isa = PBXFileReference; lastKnownFileType = image.png; path = "Logo-01.png"; sourceTree = "<group>"; };
		C8B2A510160A313400CE9307 /* Logo2x-01.png */ = {isa = PBXFileReference; lastKnownFileType = image.png; path = "Logo2x-01.png"; sourceTree = "<group>"; };
		C8B2A513160A32A300CE9307 /* DetailViewController.h */ = {isa = PBXFileReference; fileEncoding = 4; lastKnownFileType = sourcecode.c.h; path = DetailViewController.h; sourceTree = "<group>"; };
		C8B2A514160A32A300CE9307 /* DetailViewController.m */ = {isa = PBXFileReference; fileEncoding = 4; lastKnownFileType = sourcecode.c.objc; path = DetailViewController.m; sourceTree = "<group>"; };
		C8B2A515160A32A300CE9307 /* DetailViewController.xib */ = {isa = PBXFileReference; fileEncoding = 4; lastKnownFileType = file.xib; path = DetailViewController.xib; sourceTree = "<group>"; };
		C8B2A518160A332C00CE9307 /* CoreLocation.framework */ = {isa = PBXFileReference; lastKnownFileType = wrapper.framework; name = CoreLocation.framework; path = System/Library/Frameworks/CoreLocation.framework; sourceTree = SDKROOT; };
		C8B2A51A160A333700CE9307 /* MapKit.framework */ = {isa = PBXFileReference; lastKnownFileType = wrapper.framework; name = MapKit.framework; path = System/Library/Frameworks/MapKit.framework; sourceTree = SDKROOT; };
		C8B2A51C160A372300CE9307 /* MenuViewController.h */ = {isa = PBXFileReference; fileEncoding = 4; lastKnownFileType = sourcecode.c.h; path = MenuViewController.h; sourceTree = "<group>"; };
		C8B2A51D160A372300CE9307 /* MenuViewController.m */ = {isa = PBXFileReference; fileEncoding = 4; lastKnownFileType = sourcecode.c.objc; path = MenuViewController.m; sourceTree = "<group>"; };
		C8B2A51E160A372300CE9307 /* MenuViewController.xib */ = {isa = PBXFileReference; fileEncoding = 4; lastKnownFileType = file.xib; path = MenuViewController.xib; sourceTree = "<group>"; };
		C8B2A521160A413E00CE9307 /* ItemViewController.h */ = {isa = PBXFileReference; fileEncoding = 4; lastKnownFileType = sourcecode.c.h; path = ItemViewController.h; sourceTree = "<group>"; };
		C8B2A522160A413E00CE9307 /* ItemViewController.m */ = {isa = PBXFileReference; fileEncoding = 4; lastKnownFileType = sourcecode.c.objc; path = ItemViewController.m; sourceTree = "<group>"; };
		C8B2A523160A413E00CE9307 /* ItemViewController.xib */ = {isa = PBXFileReference; fileEncoding = 4; lastKnownFileType = file.xib; path = ItemViewController.xib; sourceTree = "<group>"; };
		C8B2A526160AD46200CE9307 /* DSItem.h */ = {isa = PBXFileReference; fileEncoding = 4; lastKnownFileType = sourcecode.c.h; path = DSItem.h; sourceTree = "<group>"; };
		C8B2A527160AD46200CE9307 /* DSItem.m */ = {isa = PBXFileReference; fileEncoding = 4; lastKnownFileType = sourcecode.c.objc; path = DSItem.m; sourceTree = "<group>"; };
		C8B2A529160AE22A00CE9307 /* DSItemStore.h */ = {isa = PBXFileReference; fileEncoding = 4; lastKnownFileType = sourcecode.c.h; path = DSItemStore.h; sourceTree = "<group>"; };
		C8B2A52A160AE22B00CE9307 /* DSItemStore.m */ = {isa = PBXFileReference; fileEncoding = 4; lastKnownFileType = sourcecode.c.objc; path = DSItemStore.m; sourceTree = "<group>"; };
		C8B2A52C160AFD2300CE9307 /* MenuBackground-04.png */ = {isa = PBXFileReference; lastKnownFileType = image.png; name = "MenuBackground-04.png"; path = "../../../School/Mobile Programming/MenuBackground-04.png"; sourceTree = "<group>"; };
		C8B2A52E160B006400CE9307 /* MenuBackground-02.png */ = {isa = PBXFileReference; lastKnownFileType = image.png; name = "MenuBackground-02.png"; path = "../../../School/Mobile Programming/MenuBackground-02.png"; sourceTree = "<group>"; };
		C8B2A530160B69C800CE9307 /* DSMapPoint.h */ = {isa = PBXFileReference; fileEncoding = 4; lastKnownFileType = sourcecode.c.h; path = DSMapPoint.h; sourceTree = "<group>"; };
		C8B2A531160B69CB00CE9307 /* DSMapPoint.m */ = {isa = PBXFileReference; fileEncoding = 4; lastKnownFileType = sourcecode.c.objc; path = DSMapPoint.m; sourceTree = "<group>"; };
		C8B2A533160B779500CE9307 /* SettingsViewController.h */ = {isa = PBXFileReference; fileEncoding = 4; lastKnownFileType = sourcecode.c.h; path = SettingsViewController.h; sourceTree = "<group>"; };
		C8B2A534160B779500CE9307 /* SettingsViewController.m */ = {isa = PBXFileReference; fileEncoding = 4; lastKnownFileType = sourcecode.c.objc; path = SettingsViewController.m; sourceTree = "<group>"; };
		C8B2A535160B779600CE9307 /* SettingsViewController.xib */ = {isa = PBXFileReference; fileEncoding = 4; lastKnownFileType = file.xib; path = SettingsViewController.xib; sourceTree = "<group>"; };
		C8B2A538160B9F6500CE9307 /* MenuOption2-02.png */ = {isa = PBXFileReference; lastKnownFileType = image.png; name = "MenuOption2-02.png"; path = "../../../School/Mobile Programming/MenuOption2-02.png"; sourceTree = "<group>"; };
		C8B2A53A160B9FCC00CE9307 /* MenuOption3-02.png */ = {isa = PBXFileReference; lastKnownFileType = image.png; name = "MenuOption3-02.png"; path = "../../../School/Mobile Programming/MenuOption3-02.png"; sourceTree = "<group>"; };
		C8B2A53C160D203A00CE9307 /* UMKC-02.png */ = {isa = PBXFileReference; lastKnownFileType = image.png; name = "UMKC-02.png"; path = "../../../School/Mobile Programming/UMKC-02.png"; sourceTree = "<group>"; };
		C8CE9F95161DF1DB0093893B /* bldg-icon.png */ = {isa = PBXFileReference; lastKnownFileType = image.png; name = "bldg-icon.png"; path = "../bldg-icon.png"; sourceTree = "<group>"; };
		C8CE9F98161DF3AF0093893B /* bldg-icon2.png */ = {isa = PBXFileReference; lastKnownFileType = image.png; path = "bldg-icon2.png"; sourceTree = "<group>"; };
		C8CE9F9A161DF7860093893B /* parking-icon.png */ = {isa = PBXFileReference; lastKnownFileType = image.png; path = "parking-icon.png"; sourceTree = "<group>"; };
		C8F4AFF41646393A0030B32A /* data.xml */ = {isa = PBXFileReference; fileEncoding = 4; lastKnownFileType = text.xml; path = data.xml; sourceTree = "<group>"; };
/* End PBXFileReference section */

/* Begin PBXFrameworksBuildPhase section */
		C8B2A4E1160A2D3A00CE9307 /* Frameworks */ = {
			isa = PBXFrameworksBuildPhase;
			buildActionMask = 2147483647;
			files = (
				C8B2A51B160A333700CE9307 /* MapKit.framework in Frameworks */,
				C8B2A519160A332C00CE9307 /* CoreLocation.framework in Frameworks */,
				C8B2A4E9160A2D3A00CE9307 /* UIKit.framework in Frameworks */,
				C8B2A4EB160A2D3A00CE9307 /* Foundation.framework in Frameworks */,
				C8B2A4ED160A2D3A00CE9307 /* CoreGraphics.framework in Frameworks */,
				C8B2A4EF160A2D3A00CE9307 /* CoreData.framework in Frameworks */,
			);
			runOnlyForDeploymentPostprocessing = 0;
		};
/* End PBXFrameworksBuildPhase section */

/* Begin PBXGroup section */
		C8B2A4D9160A2D3A00CE9307 = {
			isa = PBXGroup;
			children = (
				C8B2A4F0160A2D3A00CE9307 /* UMKCFeildGuide */,
				C8B2A4E7160A2D3A00CE9307 /* Frameworks */,
				C8B2A4E5160A2D3A00CE9307 /* Products */,
			);
			sourceTree = "<group>";
		};
		C8B2A4E5160A2D3A00CE9307 /* Products */ = {
			isa = PBXGroup;
			children = (
				C8B2A4E4160A2D3A00CE9307 /* UMKCFeildGuide.app */,
			);
			name = Products;
			sourceTree = "<group>";
		};
		C8B2A4E7160A2D3A00CE9307 /* Frameworks */ = {
			isa = PBXGroup;
			children = (
				C8B2A51A160A333700CE9307 /* MapKit.framework */,
				C8B2A518160A332C00CE9307 /* CoreLocation.framework */,
				C8B2A4E8160A2D3A00CE9307 /* UIKit.framework */,
				C8B2A4EA160A2D3A00CE9307 /* Foundation.framework */,
				C8B2A4EC160A2D3A00CE9307 /* CoreGraphics.framework */,
				C8B2A4EE160A2D3A00CE9307 /* CoreData.framework */,
			);
			name = Frameworks;
			sourceTree = "<group>";
		};
		C8B2A4F0160A2D3A00CE9307 /* UMKCFeildGuide */ = {
			isa = PBXGroup;
			children = (
				C8B2A512160A321500CE9307 /* Resource Files */,
				C8B2A4F9160A2D3A00CE9307 /* AppDelegate.h */,
				C8B2A4FA160A2D3A00CE9307 /* AppDelegate.m */,
				C8B2A51C160A372300CE9307 /* MenuViewController.h */,
				C8B2A51D160A372300CE9307 /* MenuViewController.m */,
				C884A9AE1647857A00826097 /* XMLAppDelegate.h */,
				C884A9AF1647857A00826097 /* XMLAppDelegate.m */,
				C884A9AA164783CC00826097 /* XMLParser.h */,
				C884A9AB164783CC00826097 /* XMLParser.m */,
				C8B2A533160B779500CE9307 /* SettingsViewController.h */,
				C8B2A534160B779500CE9307 /* SettingsViewController.m */,
				C8B2A521160A413E00CE9307 /* ItemViewController.h */,
				C8B2A522160A413E00CE9307 /* ItemViewController.m */,
				C8B2A526160AD46200CE9307 /* DSItem.h */,
				C8B2A527160AD46200CE9307 /* DSItem.m */,
				C8B2A529160AE22A00CE9307 /* DSItemStore.h */,
				C8B2A52A160AE22B00CE9307 /* DSItemStore.m */,
				C8B2A530160B69C800CE9307 /* DSMapPoint.h */,
				C8B2A531160B69CB00CE9307 /* DSMapPoint.m */,
				C8B2A513160A32A300CE9307 /* DetailViewController.h */,
				C8B2A514160A32A300CE9307 /* DetailViewController.m */,
				C8B2A51E160A372300CE9307 /* MenuViewController.xib */,
				C8B2A523160A413E00CE9307 /* ItemViewController.xib */,
				C8B2A515160A32A300CE9307 /* DetailViewController.xib */,
				C8B2A535160B779600CE9307 /* SettingsViewController.xib */,
				C8B2A4FC160A2D3A00CE9307 /* UMKCFeildGuide.xcdatamodeld */,
				C8B2A4F1160A2D3A00CE9307 /* Supporting Files */,
			);
			path = UMKCFeildGuide;
			sourceTree = "<group>";
		};
		C8B2A4F1160A2D3A00CE9307 /* Supporting Files */ = {
			isa = PBXGroup;
			children = (
				C8CE9F9A161DF7860093893B /* parking-icon.png */,
				C8CE9F98161DF3AF0093893B /* bldg-icon2.png */,
				C8CE9F95161DF1DB0093893B /* bldg-icon.png */,
				C8B2A53C160D203A00CE9307 /* UMKC-02.png */,
				C8B2A53A160B9FCC00CE9307 /* MenuOption3-02.png */,
				C8B2A538160B9F6500CE9307 /* MenuOption2-02.png */,
				C8B2A52E160B006400CE9307 /* MenuBackground-02.png */,
				C8B2A52C160AFD2300CE9307 /* MenuBackground-04.png */,
				C8B2A50A160A312400CE9307 /* Logo-01.png */,
				C8B2A50B160A312400CE9307 /* Logo2x-01.png */,
				C8B2A504160A2F1F00CE9307 /* UMKCSplashPage-01.png */,
				C8B2A4F2160A2D3A00CE9307 /* UMKCFeildGuide-Info.plist */,
				C8B2A4F3160A2D3A00CE9307 /* InfoPlist.strings */,
				C8B2A4F6160A2D3A00CE9307 /* main.m */,
				C8B2A4F8160A2D3A00CE9307 /* UMKCFeildGuide-Prefix.pch */,
			);
			name = "Supporting Files";
			sourceTree = "<group>";
		};
		C8B2A512160A321500CE9307 /* Resource Files */ = {
			isa = PBXGroup;
			children = (
				C8F4AFF41646393A0030B32A /* data.xml */,
				C8A14DF61614FA790039985C /* Default@2x.png */,
				C8A14DF41614FA680039985C /* Default.png */,
				C8B2A510160A313400CE9307 /* Logo2x-01.png */,
				C8B2A50E160A312E00CE9307 /* Logo-01.png */,
			);
			name = "Resource Files";
			path = ..;
			sourceTree = "<group>";
		};
/* End PBXGroup section */

/* Begin PBXNativeTarget section */
		C8B2A4E3160A2D3A00CE9307 /* UMKCFeildGuide */ = {
			isa = PBXNativeTarget;
			buildConfigurationList = C8B2A501160A2D3A00CE9307 /* Build configuration list for PBXNativeTarget "UMKCFeildGuide" */;
			buildPhases = (
				C8B2A4E0160A2D3A00CE9307 /* Sources */,
				C8B2A4E1160A2D3A00CE9307 /* Frameworks */,
				C8B2A4E2160A2D3A00CE9307 /* Resources */,
			);
			buildRules = (
			);
			dependencies = (
			);
			name = UMKCFeildGuide;
			productName = UMKCFeildGuide;
			productReference = C8B2A4E4160A2D3A00CE9307 /* UMKCFeildGuide.app */;
			productType = "com.apple.product-type.application";
		};
/* End PBXNativeTarget section */

/* Begin PBXProject section */
		C8B2A4DB160A2D3A00CE9307 /* Project object */ = {
			isa = PBXProject;
			attributes = {
				LastUpgradeCheck = 0440;
				ORGANIZATIONNAME = "David Scott";
			};
			buildConfigurationList = C8B2A4DE160A2D3A00CE9307 /* Build configuration list for PBXProject "UMKCFeildGuide" */;
			compatibilityVersion = "Xcode 3.2";
			developmentRegion = English;
			hasScannedForEncodings = 0;
			knownRegions = (
				en,
			);
			mainGroup = C8B2A4D9160A2D3A00CE9307;
			productRefGroup = C8B2A4E5160A2D3A00CE9307 /* Products */;
			projectDirPath = "";
			projectRoot = "";
			targets = (
				C8B2A4E3160A2D3A00CE9307 /* UMKCFeildGuide */,
			);
		};
/* End PBXProject section */

/* Begin PBXResourcesBuildPhase section */
		C8B2A4E2160A2D3A00CE9307 /* Resources */ = {
			isa = PBXResourcesBuildPhase;
			buildActionMask = 2147483647;
			files = (
				C8B2A4F5160A2D3A00CE9307 /* InfoPlist.strings in Resources */,
				C8B2A505160A2F1F00CE9307 /* UMKCSplashPage-01.png in Resources */,
				C8B2A50C160A312400CE9307 /* Logo-01.png in Resources */,
				C8B2A50D160A312400CE9307 /* Logo2x-01.png in Resources */,
				C8B2A50F160A312E00CE9307 /* Logo-01.png in Resources */,
				C8B2A511160A313400CE9307 /* Logo2x-01.png in Resources */,
				C8B2A517160A32A300CE9307 /* DetailViewController.xib in Resources */,
				C8B2A520160A372300CE9307 /* MenuViewController.xib in Resources */,
				C8B2A525160A413F00CE9307 /* ItemViewController.xib in Resources */,
				C8B2A52D160AFD2300CE9307 /* MenuBackground-04.png in Resources */,
				C8B2A52F160B006400CE9307 /* MenuBackground-02.png in Resources */,
				C8B2A537160B779700CE9307 /* SettingsViewController.xib in Resources */,
				C8B2A539160B9F6600CE9307 /* MenuOption2-02.png in Resources */,
				C8B2A53B160B9FCC00CE9307 /* MenuOption3-02.png in Resources */,
				C8B2A53D160D203A00CE9307 /* UMKC-02.png in Resources */,
				C8A14DF51614FA680039985C /* Default.png in Resources */,
				C8CE9F96161DF1DB0093893B /* bldg-icon.png in Resources */,
				C8CE9F99161DF3AF0093893B /* bldg-icon2.png in Resources */,
				C8CE9F9B161DF7860093893B /* parking-icon.png in Resources */,
				C8F4AFF51646393A0030B32A /* data.xml in Resources */,
			);
			runOnlyForDeploymentPostprocessing = 0;
		};
/* End PBXResourcesBuildPhase section */

/* Begin PBXSourcesBuildPhase section */
		C8B2A4E0160A2D3A00CE9307 /* Sources */ = {
			isa = PBXSourcesBuildPhase;
			buildActionMask = 2147483647;
			files = (
				C8B2A4F7160A2D3A00CE9307 /* main.m in Sources */,
				C8B2A4FB160A2D3A00CE9307 /* AppDelegate.m in Sources */,
				C8B2A4FE160A2D3A00CE9307 /* UMKCFeildGuide.xcdatamodeld in Sources */,
				C8B2A516160A32A300CE9307 /* DetailViewController.m in Sources */,
				C8B2A51F160A372300CE9307 /* MenuViewController.m in Sources */,
				C8B2A524160A413F00CE9307 /* ItemViewController.m in Sources */,
				C8B2A528160AD46200CE9307 /* DSItem.m in Sources */,
				C8B2A52B160AE22B00CE9307 /* DSItemStore.m in Sources */,
				C8B2A532160B69CC00CE9307 /* DSMapPoint.m in Sources */,
				C8B2A536160B779700CE9307 /* SettingsViewController.m in Sources */,
				C884A9AC164783CC00826097 /* XMLParser.m in Sources */,
				C884A9B01647857A00826097 /* XMLAppDelegate.m in Sources */,
			);
			runOnlyForDeploymentPostprocessing = 0;
		};
/* End PBXSourcesBuildPhase section */

/* Begin PBXVariantGroup section */
		C8B2A4F3160A2D3A00CE9307 /* InfoPlist.strings */ = {
			isa = PBXVariantGroup;
			children = (
				C8B2A4F4160A2D3A00CE9307 /* en */,
			);
			name = InfoPlist.strings;
			sourceTree = "<group>";
		};
/* End PBXVariantGroup section */

/* Begin XCBuildConfiguration section */
		C8B2A4FF160A2D3A00CE9307 /* Debug */ = {
			isa = XCBuildConfiguration;
			buildSettings = {
				ALWAYS_SEARCH_USER_PATHS = NO;
				ARCHS = "$(ARCHS_STANDARD_32_BIT)";
				CLANG_CXX_LANGUAGE_STANDARD = "gnu++0x";
				CLANG_ENABLE_OBJC_ARC = YES;
				CLANG_WARN__DUPLICATE_METHOD_MATCH = YES;
				"CODE_SIGN_IDENTITY[sdk=iphoneos*]" = "iPhone Developer";
				COPY_PHASE_STRIP = NO;
				GCC_C_LANGUAGE_STANDARD = gnu99;
				GCC_DYNAMIC_NO_PIC = NO;
				GCC_OPTIMIZATION_LEVEL = 0;
				GCC_PREPROCESSOR_DEFINITIONS = (
					"DEBUG=1",
					"$(inherited)",
				);
				GCC_SYMBOLS_PRIVATE_EXTERN = NO;
				GCC_VERSION = com.apple.compilers.llvm.clang.1_0;
				GCC_WARN_ABOUT_RETURN_TYPE = YES;
				GCC_WARN_UNINITIALIZED_AUTOS = YES;
				GCC_WARN_UNUSED_VARIABLE = YES;
				IPHONEOS_DEPLOYMENT_TARGET = 5.1;
				SDKROOT = iphoneos;
			};
			name = Debug;
		};
		C8B2A500160A2D3A00CE9307 /* Release */ = {
			isa = XCBuildConfiguration;
			buildSettings = {
				ALWAYS_SEARCH_USER_PATHS = NO;
				ARCHS = "$(ARCHS_STANDARD_32_BIT)";
				CLANG_CXX_LANGUAGE_STANDARD = "gnu++0x";
				CLANG_ENABLE_OBJC_ARC = YES;
				CLANG_WARN__DUPLICATE_METHOD_MATCH = YES;
				"CODE_SIGN_IDENTITY[sdk=iphoneos*]" = "iPhone Developer";
				COPY_PHASE_STRIP = YES;
				GCC_C_LANGUAGE_STANDARD = gnu99;
				GCC_VERSION = com.apple.compilers.llvm.clang.1_0;
				GCC_WARN_ABOUT_RETURN_TYPE = YES;
				GCC_WARN_UNINITIALIZED_AUTOS = YES;
				GCC_WARN_UNUSED_VARIABLE = YES;
				IPHONEOS_DEPLOYMENT_TARGET = 5.1;
				OTHER_CFLAGS = "-DNS_BLOCK_ASSERTIONS=1";
				SDKROOT = iphoneos;
				VALIDATE_PRODUCT = YES;
			};
			name = Release;
		};
		C8B2A502160A2D3A00CE9307 /* Debug */ = {
			isa = XCBuildConfiguration;
			buildSettings = {
				GCC_PRECOMPILE_PREFIX_HEADER = YES;
				GCC_PREFIX_HEADER = "UMKCFeildGuide/UMKCFeildGuide-Prefix.pch";
				INFOPLIST_FILE = "UMKCFeildGuide/UMKCFeildGuide-Info.plist";
				PRODUCT_NAME = "$(TARGET_NAME)";
				WRAPPER_EXTENSION = app;
			};
			name = Debug;
		};
		C8B2A503160A2D3A00CE9307 /* Release */ = {
			isa = XCBuildConfiguration;
			buildSettings = {
				GCC_PRECOMPILE_PREFIX_HEADER = YES;
				GCC_PREFIX_HEADER = "UMKCFeildGuide/UMKCFeildGuide-Prefix.pch";
				INFOPLIST_FILE = "UMKCFeildGuide/UMKCFeildGuide-Info.plist";
				PRODUCT_NAME = "$(TARGET_NAME)";
				WRAPPER_EXTENSION = app;
			};
			name = Release;
		};
/* End XCBuildConfiguration section */

/* Begin XCConfigurationList section */
		C8B2A4DE160A2D3A00CE9307 /* Build configuration list for PBXProject "UMKCFeildGuide" */ = {
			isa = XCConfigurationList;
			buildConfigurations = (
				C8B2A4FF160A2D3A00CE9307 /* Debug */,
				C8B2A500160A2D3A00CE9307 /* Release */,
			);
			defaultConfigurationIsVisible = 0;
			defaultConfigurationName = Release;
		};
		C8B2A501160A2D3A00CE9307 /* Build configuration list for PBXNativeTarget "UMKCFeildGuide" */ = {
			isa = XCConfigurationList;
			buildConfigurations = (
				C8B2A502160A2D3A00CE9307 /* Debug */,
				C8B2A503160A2D3A00CE9307 /* Release */,
			);
			defaultConfigurationIsVisible = 0;
			defaultConfigurationName = Release;
		};
/* End XCConfigurationList section */

/* Begin XCVersionGroup section */
		C8B2A4FC160A2D3A00CE9307 /* UMKCFeildGuide.xcdatamodeld */ = {
			isa = XCVersionGroup;
			children = (
				C8B2A4FD160A2D3A00CE9307 /* UMKCFeildGuide.xcdatamodel */,
			);
			currentVersion = C8B2A4FD160A2D3A00CE9307 /* UMKCFeildGuide.xcdatamodel */;
			path = UMKCFeildGuide.xcdatamodeld;
			sourceTree = "<group>";
			versionGroupType = wrapper.xcdatamodel;
		};
/* End XCVersionGroup section */
	};
	rootObject = C8B2A4DB160A2D3A00CE9307 /* Project object */;
}
